{
    "name": "alerts-under-control",
    "requires": true,
    "lockfileVersion": 1,
    "dependencies": {
        "@fortawesome/fontawesome-free": {
            "version": "5.12.0",
            "resolved": "https://registry.npmjs.org/@fortawesome/fontawesome-free/-/fontawesome-free-5.12.0.tgz",
            "integrity": "sha512-vKDJUuE2GAdBERaQWmmtsciAMzjwNrROXA5KTGSZvayAsmuTGjam5z6QNqNPCwDfVljLWuov1nEC3mEQf/n6fQ=="
        },
        "uikit": {
            "version": "3.3.3",
            "resolved": "https://registry.npmjs.org/uikit/-/uikit-3.3.3.tgz",
            "integrity": "sha512-YCrjTpti3cVTNjCXo0zeu7Kd/1nWJwIo4YRmLSVJ+MC/FdzWQgmfvby5rXR5TxEETnPamazrFtclPWJQya8W1g=="
        }
    }
}
